
Microsoft Visual Studio Solution File, Format Version 12.00
# Visual Studio Version 17
VisualStudioVersion = 17.7.34031.279
MinimumVisualStudioVersion = 10.0.40219.1
Project("{FAE04EC0-301F-11D3-BF4B-00C04F79EFBC}") = "ConsoleApp3", "ConsoleApp3\ConsoleApp3.csproj", "{7183E8FF-DDBC-4D6E-974F-ADDB3C833FC4}"
EndProject
Project("{FAE04EC0-301F-11D3-BF4B-00C04F79EFBC}") = "MatrixLibrary", "MatrixLibrary\MatrixLibrary.csproj", "{2C8C4C1F-483A-4FA6-80BE-1826AAC5291B}"
EndProject
Project("{FAE04EC0-301F-11D3-BF4B-00C04F79EFBC}") = "UnitTestForSquareMatrix", "UnitTestForClassMatrix\UnitTestForSquareMatrix.csproj", "{1679C416-0DAE-4C4C-A15E-DD5B3BE68CA6}"
EndProject
Global
	GlobalSection(SolutionConfigurationPlatforms) = preSolution
		Debug|Any CPU = Debug|Any CPU
		Release|Any CPU = Release|Any CPU
	EndGlobalSection
	GlobalSection(ProjectConfigurationPlatforms) = postSolution
		{7183E8FF-DDBC-4D6E-974F-ADDB3C833FC4}.Debug|Any CPU.ActiveCfg = Debug|Any CPU
		{7183E8FF-DDBC-4D6E-974F-ADDB3C833FC4}.Debug|Any CPU.Build.0 = Debug|Any CPU
		{7183E8FF-DDBC-4D6E-974F-ADDB3C833FC4}.Release|Any CPU.ActiveCfg = Release|Any CPU
		{7183E8FF-DDBC-4D6E-974F-ADDB3C833FC4}.Release|Any CPU.Build.0 = Release|Any CPU
		{2C8C4C1F-483A-4FA6-80BE-1826AAC5291B}.Debug|Any CPU.ActiveCfg = Debug|Any CPU
		{2C8C4C1F-483A-4FA6-80BE-1826AAC5291B}.Debug|Any CPU.Build.0 = Debug|Any CPU
		{2C8C4C1F-483A-4FA6-80BE-1826AAC5291B}.Release|Any CPU.ActiveCfg = Release|Any CPU
		{2C8C4C1F-483A-4FA6-80BE-1826AAC5291B}.Release|Any CPU.Build.0 = Release|Any CPU
		{1679C416-0DAE-4C4C-A15E-DD5B3BE68CA6}.Debug|Any CPU.ActiveCfg = Debug|Any CPU
		{1679C416-0DAE-4C4C-A15E-DD5B3BE68CA6}.Debug|Any CPU.Build.0 = Debug|Any CPU
		{1679C416-0DAE-4C4C-A15E-DD5B3BE68CA6}.Release|Any CPU.ActiveCfg = Release|Any CPU
		{1679C416-0DAE-4C4C-A15E-DD5B3BE68CA6}.Release|Any CPU.Build.0 = Release|Any CPU
	EndGlobalSection
	GlobalSection(SolutionProperties) = preSolution
		HideSolutionNode = FALSE
	EndGlobalSection
	GlobalSection(ExtensibilityGlobals) = postSolution
		SolutionGuid = {AA30568A-3553-431C-9357-5B6752EC3A2F}
	EndGlobalSection
EndGlobal
