
Microsoft Visual Studio Solution File, Format Version 12.00
# Visual Studio Version 17
VisualStudioVersion = 17.7.34031.279
MinimumVisualStudioVersion = 10.0.40219.1
Project("{FAE04EC0-301F-11D3-BF4B-00C04F79EFBC}") = "ConsoleApp5", "ConsoleApp5\ConsoleApp5.csproj", "{D0F17C77-2D34-43F6-BA15-F389527DC3D8}"
EndProject
Project("{FAE04EC0-301F-11D3-BF4B-00C04F79EFBC}") = "CheckLibrary", "CheckLibrary\CheckLibrary.csproj", "{CF1F5AAB-66E8-4673-9BA9-25619ABB7727}"
EndProject
Project("{FAE04EC0-301F-11D3-BF4B-00C04F79EFBC}") = "UnitTest", "UnitTest\UnitTest.csproj", "{A9024FFC-36A2-45CD-A92B-C46BB05AEF01}"
EndProject
Global
	GlobalSection(SolutionConfigurationPlatforms) = preSolution
		Debug|Any CPU = Debug|Any CPU
		Release|Any CPU = Release|Any CPU
	EndGlobalSection
	GlobalSection(ProjectConfigurationPlatforms) = postSolution
		{D0F17C77-2D34-43F6-BA15-F389527DC3D8}.Debug|Any CPU.ActiveCfg = Debug|Any CPU
		{D0F17C77-2D34-43F6-BA15-F389527DC3D8}.Debug|Any CPU.Build.0 = Debug|Any CPU
		{D0F17C77-2D34-43F6-BA15-F389527DC3D8}.Release|Any CPU.ActiveCfg = Release|Any CPU
		{D0F17C77-2D34-43F6-BA15-F389527DC3D8}.Release|Any CPU.Build.0 = Release|Any CPU
		{CF1F5AAB-66E8-4673-9BA9-25619ABB7727}.Debug|Any CPU.ActiveCfg = Debug|Any CPU
		{CF1F5AAB-66E8-4673-9BA9-25619ABB7727}.Debug|Any CPU.Build.0 = Debug|Any CPU
		{CF1F5AAB-66E8-4673-9BA9-25619ABB7727}.Release|Any CPU.ActiveCfg = Release|Any CPU
		{CF1F5AAB-66E8-4673-9BA9-25619ABB7727}.Release|Any CPU.Build.0 = Release|Any CPU
		{A9024FFC-36A2-45CD-A92B-C46BB05AEF01}.Debug|Any CPU.ActiveCfg = Debug|Any CPU
		{A9024FFC-36A2-45CD-A92B-C46BB05AEF01}.Debug|Any CPU.Build.0 = Debug|Any CPU
		{A9024FFC-36A2-45CD-A92B-C46BB05AEF01}.Release|Any CPU.ActiveCfg = Release|Any CPU
		{A9024FFC-36A2-45CD-A92B-C46BB05AEF01}.Release|Any CPU.Build.0 = Release|Any CPU
	EndGlobalSection
	GlobalSection(SolutionProperties) = preSolution
		HideSolutionNode = FALSE
	EndGlobalSection
	GlobalSection(ExtensibilityGlobals) = postSolution
		SolutionGuid = {BF412015-3C93-4CA4-B459-1AEF1D322E20}
	EndGlobalSection
EndGlobal
