
Microsoft Visual Studio Solution File, Format Version 12.00
# Visual Studio Version 17
VisualStudioVersion = 17.8.34330.188
MinimumVisualStudioVersion = 10.0.40219.1
Project("{FAE04EC0-301F-11D3-BF4B-00C04F79EFBC}") = "ConsoleApp6", "ConsoleApp6\ConsoleApp6.csproj", "{45434D9A-1DC9-42A4-9DCC-6CDADA3734EC}"
EndProject
Project("{FAE04EC0-301F-11D3-BF4B-00C04F79EFBC}") = "RepairJobClass", "RepairJobClass\RepairJobClass.csproj", "{26229697-0403-4197-9B88-F685EC260D9E}"
EndProject
Global
	GlobalSection(SolutionConfigurationPlatforms) = preSolution
		Debug|Any CPU = Debug|Any CPU
		Release|Any CPU = Release|Any CPU
	EndGlobalSection
	GlobalSection(ProjectConfigurationPlatforms) = postSolution
		{45434D9A-1DC9-42A4-9DCC-6CDADA3734EC}.Debug|Any CPU.ActiveCfg = Debug|Any CPU
		{45434D9A-1DC9-42A4-9DCC-6CDADA3734EC}.Debug|Any CPU.Build.0 = Debug|Any CPU
		{45434D9A-1DC9-42A4-9DCC-6CDADA3734EC}.Release|Any CPU.ActiveCfg = Release|Any CPU
		{45434D9A-1DC9-42A4-9DCC-6CDADA3734EC}.Release|Any CPU.Build.0 = Release|Any CPU
		{26229697-0403-4197-9B88-F685EC260D9E}.Debug|Any CPU.ActiveCfg = Debug|Any CPU
		{26229697-0403-4197-9B88-F685EC260D9E}.Debug|Any CPU.Build.0 = Debug|Any CPU
		{26229697-0403-4197-9B88-F685EC260D9E}.Release|Any CPU.ActiveCfg = Release|Any CPU
		{26229697-0403-4197-9B88-F685EC260D9E}.Release|Any CPU.Build.0 = Release|Any CPU
	EndGlobalSection
	GlobalSection(SolutionProperties) = preSolution
		HideSolutionNode = FALSE
	EndGlobalSection
	GlobalSection(ExtensibilityGlobals) = postSolution
		SolutionGuid = {AAF4FBC7-5C35-4F77-9BF9-185649DE8C65}
	EndGlobalSection
EndGlobal
