
Microsoft Visual Studio Solution File, Format Version 12.00
# Visual Studio Version 17
VisualStudioVersion = 17.7.34031.279
MinimumVisualStudioVersion = 10.0.40219.1
Project("{FAE04EC0-301F-11D3-BF4B-00C04F79EFBC}") = "lab2", "lab2\lab2.csproj", "{D2FD02FD-0DA8-4EDC-AAA6-A87FE300D58E}"
EndProject
Project("{FAE04EC0-301F-11D3-BF4B-00C04F79EFBC}") = "ComplexLibrary", "ComplexLibrary\ComplexLibrary.csproj", "{CF4D1CC5-42C4-442F-AC5E-87E219CCE5B9}"
EndProject
Project("{FAE04EC0-301F-11D3-BF4B-00C04F79EFBC}") = "UnitTestы", "UnitTestы\UnitTestы.csproj", "{06C7B1E7-59A7-4083-BCF3-7F19DC68DB29}"
EndProject
Global
	GlobalSection(SolutionConfigurationPlatforms) = preSolution
		Debug|Any CPU = Debug|Any CPU
		Release|Any CPU = Release|Any CPU
	EndGlobalSection
	GlobalSection(ProjectConfigurationPlatforms) = postSolution
		{D2FD02FD-0DA8-4EDC-AAA6-A87FE300D58E}.Debug|Any CPU.ActiveCfg = Debug|Any CPU
		{D2FD02FD-0DA8-4EDC-AAA6-A87FE300D58E}.Debug|Any CPU.Build.0 = Debug|Any CPU
		{D2FD02FD-0DA8-4EDC-AAA6-A87FE300D58E}.Release|Any CPU.ActiveCfg = Release|Any CPU
		{D2FD02FD-0DA8-4EDC-AAA6-A87FE300D58E}.Release|Any CPU.Build.0 = Release|Any CPU
		{CF4D1CC5-42C4-442F-AC5E-87E219CCE5B9}.Debug|Any CPU.ActiveCfg = Debug|Any CPU
		{CF4D1CC5-42C4-442F-AC5E-87E219CCE5B9}.Debug|Any CPU.Build.0 = Debug|Any CPU
		{CF4D1CC5-42C4-442F-AC5E-87E219CCE5B9}.Release|Any CPU.ActiveCfg = Release|Any CPU
		{CF4D1CC5-42C4-442F-AC5E-87E219CCE5B9}.Release|Any CPU.Build.0 = Release|Any CPU
		{06C7B1E7-59A7-4083-BCF3-7F19DC68DB29}.Debug|Any CPU.ActiveCfg = Debug|Any CPU
		{06C7B1E7-59A7-4083-BCF3-7F19DC68DB29}.Debug|Any CPU.Build.0 = Debug|Any CPU
		{06C7B1E7-59A7-4083-BCF3-7F19DC68DB29}.Release|Any CPU.ActiveCfg = Release|Any CPU
		{06C7B1E7-59A7-4083-BCF3-7F19DC68DB29}.Release|Any CPU.Build.0 = Release|Any CPU
	EndGlobalSection
	GlobalSection(SolutionProperties) = preSolution
		HideSolutionNode = FALSE
	EndGlobalSection
	GlobalSection(ExtensibilityGlobals) = postSolution
		SolutionGuid = {68F99D4E-0C3C-4EF8-8759-0BE4E64D51BB}
	EndGlobalSection
EndGlobal
